{
  "lockfile_version": "1",
  "packages": {
    "zellij@0.40.1": {
      "last_modified": "2024-09-10T15:01:03Z",
      "resolved": "github:NixOS/nixpkgs/5ed627539ac84809c78b2dd6d26a5cebeb5ae269#zellij",
      "source": "devbox-search",
      "version": "0.40.1",
      "systems": {
        "aarch64-darwin": {
          "outputs": [
            {
              "name": "out",
              "path": "/nix/store/jpy1nxkg8581jq39vbvl5lpw1y23vxqa-zellij-0.40.1",
              "default": true
            }
          ],
          "store_path": "/nix/store/jpy1nxkg8581jq39vbvl5lpw1y23vxqa-zellij-0.40.1"
        },
        "aarch64-linux": {
          "outputs": [
            {
              "name": "out",
              "path": "/nix/store/32kgf0nn1akak86vr98yjd84k1fdhzjp-zellij-0.40.1",
              "default": true
            }
          ],
          "store_path": "/nix/store/32kgf0nn1akak86vr98yjd84k1fdhzjp-zellij-0.40.1"
        },
        "x86_64-darwin": {
          "outputs": [
            {
              "name": "out",
              "path": "/nix/store/y7wr0gr8rhxqfnvrf4zb2chbz2jr4z0a-zellij-0.40.1",
              "default": true
            }
          ],
          "store_path": "/nix/store/y7wr0gr8rhxqfnvrf4zb2chbz2jr4z0a-zellij-0.40.1"
        },
        "x86_64-linux": {
          "outputs": [
            {
              "name": "out",
              "path": "/nix/store/2hzr8dpliwppqifrr0mk419p9hwmziz1-zellij-0.40.1",
              "default": true
            }
          ],
          "store_path": "/nix/store/2hzr8dpliwppqifrr0mk419p9hwmziz1-zellij-0.40.1"
        }
      }
    }
  }
}
